
Microsoft Visual Studio Solution File, Format Version 12.00
# Visual Studio Version 17
VisualStudioVersion = 17.4.33110.190
MinimumVisualStudioVersion = 10.0.40219.1
Project("{FAE04EC0-301F-11D3-BF4B-00C04F79EFBC}") = "GLASS WITH DATABASE", "GLASS WITH DATABASE\GLASS WITH DATABASE.csproj", "{83A7FD74-B6B6-4D2E-A2AB-8D809E3798CD}"
EndProject
Global
	GlobalSection(SolutionConfigurationPlatforms) = preSolution
		Debug|Any CPU = Debug|Any CPU
		Release|Any CPU = Release|Any CPU
	EndGlobalSection
	GlobalSection(ProjectConfigurationPlatforms) = postSolution
		{83A7FD74-B6B6-4D2E-A2AB-8D809E3798CD}.Debug|Any CPU.ActiveCfg = Debug|Any CPU
		{83A7FD74-B6B6-4D2E-A2AB-8D809E3798CD}.Debug|Any CPU.Build.0 = Debug|Any CPU
		{83A7FD74-B6B6-4D2E-A2AB-8D809E3798CD}.Release|Any CPU.ActiveCfg = Release|Any CPU
		{83A7FD74-B6B6-4D2E-A2AB-8D809E3798CD}.Release|Any CPU.Build.0 = Release|Any CPU
	EndGlobalSection
	GlobalSection(SolutionProperties) = preSolution
		HideSolutionNode = FALSE
	EndGlobalSection
	GlobalSection(ExtensibilityGlobals) = postSolution
		SolutionGuid = {E9E83877-4CC8-4E6E-9921-B8AB00FBABB2}
	EndGlobalSection
EndGlobal
